{
  "name": "bibcite",
  "version": "1.0.0",
  "lockfileVersion": 2,
  "requires": true,
  "packages": {
    "": {
      "name": "bibcite",
      "version": "1.0.0",
      "dependencies": {
        "citation-js": "^0.5.6"
      },
      "devDependencies": {
        "@rollup/plugin-typescript": "^8.3.2",
        "rollup": "^2.70.2",
        "rollup-plugin-serve": "^1.1.0",
        "typescript": "^4.6.3"
      }
    },
    "node_modules/@citation-js/cli": {
      "version": "0.5.6",
      "resolved": "https://registry.npmjs.org/@citation-js/cli/-/cli-0.5.6.tgz",
      "integrity": "sha512-DDjZ8c30/68SjjRMKqQhnvlucCPu1y3oETdCEp2wD7Z3wDM8SGV6JIeXp/k5dX00Wqw6UIVlVvoW6HgcGJZC1g==",
      "dependencies": {
        "@citation-js/core": "^0.5.4",
        "@citation-js/plugin-bibjson": "^0.5.4",
        "@citation-js/plugin-bibtex": "^0.5.6",
        "@citation-js/plugin-csl": "^0.5.5",
        "@citation-js/plugin-doi": "^0.5.4",
        "@citation-js/plugin-ris": "^0.5.5",
        "@citation-js/plugin-wikidata": "^0.5.4",
        "commander": "^5.1.0"
      },
      "bin": {
        "citation-js": "lib/index.js"
      },
      "engines": {
        "node": ">=10"
      }
    },
    "node_modules/@citation-js/core": {
      "version": "0.5.4",
      "resolved": "https://registry.npmjs.org/@citation-js/core/-/core-0.5.4.tgz",
      "integrity": "sha512-84as1w5v24DDTlzaRUtEBWIcj5wNw9A2ELqQs2ngrbFsc1psg1FbmwJplZQDSsiJHt+MfO23+DRmtOXyn7qXsg==",
      "dependencies": {
        "@citation-js/date": "^0.5.0",
        "@citation-js/name": "^0.4.2",
        "isomorphic-fetch": "^3.0.0",
        "sync-fetch": "^0.3.0"
      },
      "engines": {
        "node": ">=10"
      }
    },
    "node_modules/@citation-js/date": {
      "version": "0.5.1",
      "resolved": "https://registry.npmjs.org/@citation-js/date/-/date-0.5.1.tgz",
      "integrity": "sha512-1iDKAZ4ie48PVhovsOXQ+C6o55dWJloXqtznnnKy6CltJBQLIuLLuUqa8zlIvma0ZigjVjgDUhnVaNU1MErtZw==",
      "engines": {
        "node": ">=10.0.0"
      }
    },
    "node_modules/@citation-js/name": {
      "version": "0.4.2",
      "resolved": "https://registry.npmjs.org/@citation-js/name/-/name-0.4.2.tgz",
      "integrity": "sha512-brSPsjs2fOVzSnARLKu0qncn6suWjHVQtrqSUrnqyaRH95r/Ad4wPF5EsoWr+Dx8HzkCGb/ogmoAzfCsqlTwTQ==",
      "engines": {
        "node": ">=6"
      }
    },
    "node_modules/@citation-js/plugin-bibjson": {
      "version": "0.5.4",
      "resolved": "https://registry.npmjs.org/@citation-js/plugin-bibjson/-/plugin-bibjson-0.5.4.tgz",
      "integrity": "sha512-5KT7c8NOU7X2/JUgL8GmtOZFJtMFyCsLgoRBwpgDZ1pGdhE4H0/2292iPQ6SDyf2KxWAKXEy3DV5oMCqX9nzzA==",
      "dependencies": {
        "@citation-js/date": "^0.5.0",
        "@citation-js/name": "^0.4.2"
      },
      "engines": {
        "node": ">=10"
      },
      "peerDependencies": {
        "@citation-js/core": "^0.5.0-alpha.0"
      }
    },
    "node_modules/@citation-js/plugin-bibtex": {
      "version": "0.5.6",
      "resolved": "https://registry.npmjs.org/@citation-js/plugin-bibtex/-/plugin-bibtex-0.5.6.tgz",
      "integrity": "sha512-VxKH1hgTwpiZ6A1NIq/wtovPqMspu1WQTt0x/09PulMM5qLecfv0tv/SIO1kd/azjmWVp2pOMoolKUMsRjEZSg==",
      "dependencies": {
        "@citation-js/date": "^0.5.0",
        "@citation-js/name": "^0.4.2",
        "moo": "^0.5.1"
      },
      "engines": {
        "node": ">=10"
      },
      "peerDependencies": {
        "@citation-js/core": "^0.5.0-alpha.0"
      }
    },
    "node_modules/@citation-js/plugin-csl": {
      "version": "0.5.5",
      "resolved": "https://registry.npmjs.org/@citation-js/plugin-csl/-/plugin-csl-0.5.5.tgz",
      "integrity": "sha512-ytid/o/wpOU9OZ1gecibcfIP3YfFHhi0zamkVEbFp9Zwlud1Imyj96Mw8xTCgibVRhoQ4N7QJ/BToXIq+ON4DQ==",
      "dependencies": {
        "@citation-js/date": "^0.5.0",
        "citeproc": "^2.4.6"
      },
      "engines": {
        "node": ">=10"
      },
      "peerDependencies": {
        "@citation-js/core": "^0.5.0-alpha.0"
      }
    },
    "node_modules/@citation-js/plugin-doi": {
      "version": "0.5.4",
      "resolved": "https://registry.npmjs.org/@citation-js/plugin-doi/-/plugin-doi-0.5.4.tgz",
      "integrity": "sha512-L5K58SWUYT/QFu6yOt7iB9tysSBeorX2hkE3g4rsgvayHKdmVvfmyaRoEVlxgoDRseLaReevJiYn+LOkrte9Hw==",
      "dependencies": {
        "@citation-js/date": "^0.5.0"
      },
      "engines": {
        "node": ">=10"
      },
      "peerDependencies": {
        "@citation-js/core": "^0.5.0-alpha.0"
      }
    },
    "node_modules/@citation-js/plugin-ris": {
      "version": "0.5.5",
      "resolved": "https://registry.npmjs.org/@citation-js/plugin-ris/-/plugin-ris-0.5.5.tgz",
      "integrity": "sha512-mP2unuquPA156VhUeLCQquMHpxcAd+jNHpRlMFv7Qz5SATM8z/VTRsBPLC6k2om6bkGok1r5fjpmUO168OGLKA==",
      "dependencies": {
        "@citation-js/date": "^0.5.0",
        "@citation-js/name": "^0.4.2"
      },
      "engines": {
        "node": ">=10"
      },
      "peerDependencies": {
        "@citation-js/core": "^0.5.0-alpha.0"
      }
    },
    "node_modules/@citation-js/plugin-wikidata": {
      "version": "0.5.4",
      "resolved": "https://registry.npmjs.org/@citation-js/plugin-wikidata/-/plugin-wikidata-0.5.4.tgz",
      "integrity": "sha512-3DV0j3Rk7RjRjxgyat5lFyg+Uat6jniZAJnKPV+ryWW2N5mhdksBLWqRaTCcsN/CFZ0PEnCY1eRajfIjNKuGjg==",
      "dependencies": {
        "@citation-js/date": "^0.5.0",
        "@citation-js/name": "^0.4.2",
        "wikidata-sdk": "7"
      },
      "engines": {
        "node": ">=10"
      },
      "peerDependencies": {
        "@citation-js/core": "^0.5.0-alpha.0"
      }
    },
    "node_modules/@rollup/plugin-typescript": {
      "version": "8.3.2",
      "resolved": "https://registry.npmjs.org/@rollup/plugin-typescript/-/plugin-typescript-8.3.2.tgz",
      "integrity": "sha512-MtgyR5LNHZr3GyN0tM7gNO9D0CS+Y+vflS4v/PHmrX17JCkHUYKvQ5jN5o3cz1YKllM3duXUqu3yOHwMPUxhDg==",
      "dev": true,
      "dependencies": {
        "@rollup/pluginutils": "^3.1.0",
        "resolve": "^1.17.0"
      },
      "engines": {
        "node": ">=8.0.0"
      },
      "peerDependencies": {
        "rollup": "^2.14.0",
        "tslib": "*",
        "typescript": ">=3.7.0"
      }
    },
    "node_modules/@rollup/pluginutils": {
      "version": "3.1.0",
      "resolved": "https://registry.npmjs.org/@rollup/pluginutils/-/pluginutils-3.1.0.tgz",
      "integrity": "sha512-GksZ6pr6TpIjHm8h9lSQ8pi8BE9VeubNT0OMJ3B5uZJ8pz73NPiqOtCog/x2/QzM1ENChPKxMDhiQuRHsqc+lg==",
      "dev": true,
      "dependencies": {
        "@types/estree": "0.0.39",
        "estree-walker": "^1.0.1",
        "picomatch": "^2.2.2"
      },
      "engines": {
        "node": ">= 8.0.0"
      },
      "peerDependencies": {
        "rollup": "^1.20.0||^2.0.0"
      }
    },
    "node_modules/@types/estree": {
      "version": "0.0.39",
      "resolved": "https://registry.npmjs.org/@types/estree/-/estree-0.0.39.tgz",
      "integrity": "sha512-EYNwp3bU+98cpU4lAWYYL7Zz+2gryWH1qbdDTidVd6hkiR6weksdbMadyXKXNPEkQFhXM+hVO9ZygomHXp+AIw==",
      "dev": true
    },
    "node_modules/base64-js": {
      "version": "1.5.1",
      "resolved": "https://registry.npmjs.org/base64-js/-/base64-js-1.5.1.tgz",
      "integrity": "sha512-AKpaYlHn8t4SVbOHCy+b5+KKgvR4vrsD8vbvrbiQJps7fKDTkjkDry6ji0rUJjC0kzbNePLwzxq8iypo41qeWA==",
      "funding": [
        {
          "type": "github",
          "url": "https://github.com/sponsors/feross"
        },
        {
          "type": "patreon",
          "url": "https://www.patreon.com/feross"
        },
        {
          "type": "consulting",
          "url": "https://feross.org/support"
        }
      ]
    },
    "node_modules/buffer": {
      "version": "5.7.1",
      "resolved": "https://registry.npmjs.org/buffer/-/buffer-5.7.1.tgz",
      "integrity": "sha512-EHcyIPBQ4BSGlvjB16k5KgAJ27CIsHY/2JBmCRReo48y9rQ3MaUzWX3KVlBa4U7MyX02HdVj0K7C3WaB3ju7FQ==",
      "funding": [
        {
          "type": "github",
          "url": "https://github.com/sponsors/feross"
        },
        {
          "type": "patreon",
          "url": "https://www.patreon.com/feross"
        },
        {
          "type": "consulting",
          "url": "https://feross.org/support"
        }
      ],
      "dependencies": {
        "base64-js": "^1.3.1",
        "ieee754": "^1.1.13"
      }
    },
    "node_modules/citation-js": {
      "version": "0.5.6",
      "resolved": "https://registry.npmjs.org/citation-js/-/citation-js-0.5.6.tgz",
      "integrity": "sha512-41OUkZGhQnaWCGBwBb9+HOGEHQGDhBgdnla9Z1Rg4jfMJh5v0kz5z6Ze+8Yz9DUcs+Q/YMOqKFIU0zl+jUmXag==",
      "dependencies": {
        "@citation-js/cli": "0.5.6",
        "@citation-js/core": "0.5.4",
        "@citation-js/date": "0.5.1",
        "@citation-js/name": "0.4.2",
        "@citation-js/plugin-bibjson": "0.5.4",
        "@citation-js/plugin-bibtex": "0.5.6",
        "@citation-js/plugin-csl": "0.5.5",
        "@citation-js/plugin-doi": "0.5.4",
        "@citation-js/plugin-ris": "0.5.5",
        "@citation-js/plugin-wikidata": "0.5.4",
        "citeproc": "^2.4.59"
      },
      "bin": {
        "citation-js": "bin/cmd.js"
      },
      "engines": {
        "node": ">=10"
      }
    },
    "node_modules/citeproc": {
      "version": "2.4.62",
      "resolved": "https://registry.npmjs.org/citeproc/-/citeproc-2.4.62.tgz",
      "integrity": "sha512-l3uFfSEwNZp/jlz/TpgyBs85kOww6VlQHbAth0cpbgOn6iulZd+QlFY43LrRelzcYt3FZHTZ3soDyd8lNmkqdw=="
    },
    "node_modules/commander": {
      "version": "5.1.0",
      "resolved": "https://registry.npmjs.org/commander/-/commander-5.1.0.tgz",
      "integrity": "sha512-P0CysNDQ7rtVw4QIQtm+MRxV66vKFSvlsQvGYXZWR3qFU0jlMKHZZZgw8e+8DSah4UDKMqnknRDQz+xuQXQ/Zg==",
      "engines": {
        "node": ">= 6"
      }
    },
    "node_modules/estree-walker": {
      "version": "1.0.1",
      "resolved": "https://registry.npmjs.org/estree-walker/-/estree-walker-1.0.1.tgz",
      "integrity": "sha512-1fMXF3YP4pZZVozF8j/ZLfvnR8NSIljt56UhbZ5PeeDmmGHpgpdwQt7ITlGvYaQukCvuBRMLEiKiYC+oeIg4cg==",
      "dev": true
    },
    "node_modules/fsevents": {
      "version": "2.3.2",
      "resolved": "https://registry.npmjs.org/fsevents/-/fsevents-2.3.2.tgz",
      "integrity": "sha512-xiqMQR4xAeHTuB9uWm+fFRcIOgKBMiOBP+eXiyT7jsgVCq1bkVygt00oASowB7EdtpOHaaPgKt812P9ab+DDKA==",
      "dev": true,
      "hasInstallScript": true,
      "optional": true,
      "os": [
        "darwin"
      ],
      "engines": {
        "node": "^8.16.0 || ^10.6.0 || >=11.0.0"
      }
    },
    "node_modules/function-bind": {
      "version": "1.1.1",
      "resolved": "https://registry.npmjs.org/function-bind/-/function-bind-1.1.1.tgz",
      "integrity": "sha512-yIovAzMX49sF8Yl58fSCWJ5svSLuaibPxXQJFLmBObTuCr0Mf1KiPopGM9NiFjiYBCbfaa2Fh6breQ6ANVTI0A==",
      "dev": true
    },
    "node_modules/has": {
      "version": "1.0.3",
      "resolved": "https://registry.npmjs.org/has/-/has-1.0.3.tgz",
      "integrity": "sha512-f2dvO0VU6Oej7RkWJGrehjbzMAjFp5/VKPp5tTpWIV4JHHZK1/BxbFRtf/siA2SWTe09caDmVtYYzWEIbBS4zw==",
      "dev": true,
      "dependencies": {
        "function-bind": "^1.1.1"
      },
      "engines": {
        "node": ">= 0.4.0"
      }
    },
    "node_modules/ieee754": {
      "version": "1.2.1",
      "resolved": "https://registry.npmjs.org/ieee754/-/ieee754-1.2.1.tgz",
      "integrity": "sha512-dcyqhDvX1C46lXZcVqCpK+FtMRQVdIMN6/Df5js2zouUsqG7I6sFxitIC+7KYK29KdXOLHdu9zL4sFnoVQnqaA==",
      "funding": [
        {
          "type": "github",
          "url": "https://github.com/sponsors/feross"
        },
        {
          "type": "patreon",
          "url": "https://www.patreon.com/feross"
        },
        {
          "type": "consulting",
          "url": "https://feross.org/support"
        }
      ]
    },
    "node_modules/is-core-module": {
      "version": "2.8.1",
      "resolved": "https://registry.npmjs.org/is-core-module/-/is-core-module-2.8.1.tgz",
      "integrity": "sha512-SdNCUs284hr40hFTFP6l0IfZ/RSrMXF3qgoRHd3/79unUTvrFO/JoXwkGm+5J/Oe3E/b5GsnG330uUNgRpu1PA==",
      "dev": true,
      "dependencies": {
        "has": "^1.0.3"
      },
      "funding": {
        "url": "https://github.com/sponsors/ljharb"
      }
    },
    "node_modules/isomorphic-fetch": {
      "version": "3.0.0",
      "resolved": "https://registry.npmjs.org/isomorphic-fetch/-/isomorphic-fetch-3.0.0.tgz",
      "integrity": "sha512-qvUtwJ3j6qwsF3jLxkZ72qCgjMysPzDfeV240JHiGZsANBYd+EEuu35v7dfrJ9Up0Ak07D7GGSkGhCHTqg/5wA==",
      "dependencies": {
        "node-fetch": "^2.6.1",
        "whatwg-fetch": "^3.4.1"
      }
    },
    "node_modules/mime": {
      "version": "3.0.0",
      "resolved": "https://registry.npmjs.org/mime/-/mime-3.0.0.tgz",
      "integrity": "sha512-jSCU7/VB1loIWBZe14aEYHU/+1UMEHoaO7qxCOVJOw9GgH72VAWppxNcjU+x9a2k3GSIBXNKxXQFqRvvZ7vr3A==",
      "dev": true,
      "bin": {
        "mime": "cli.js"
      },
      "engines": {
        "node": ">=10.0.0"
      }
    },
    "node_modules/moo": {
      "version": "0.5.1",
      "resolved": "https://registry.npmjs.org/moo/-/moo-0.5.1.tgz",
      "integrity": "sha512-I1mnb5xn4fO80BH9BLcF0yLypy2UKl+Cb01Fu0hJRkJjlCRtxZMWkTdAtDd5ZqCOxtCkhmRwyI57vWT+1iZ67w=="
    },
    "node_modules/node-fetch": {
      "version": "2.6.7",
      "resolved": "https://registry.npmjs.org/node-fetch/-/node-fetch-2.6.7.tgz",
      "integrity": "sha512-ZjMPFEfVx5j+y2yF35Kzx5sF7kDzxuDj6ziH4FFbOp87zKDZNx8yExJIb05OGF4Nlt9IHFIMBkRl41VdvcNdbQ==",
      "dependencies": {
        "whatwg-url": "^5.0.0"
      },
      "engines": {
        "node": "4.x || >=6.0.0"
      },
      "peerDependencies": {
        "encoding": "^0.1.0"
      },
      "peerDependenciesMeta": {
        "encoding": {
          "optional": true
        }
      }
    },
    "node_modules/opener": {
      "version": "1.5.2",
      "resolved": "https://registry.npmjs.org/opener/-/opener-1.5.2.tgz",
      "integrity": "sha512-ur5UIdyw5Y7yEj9wLzhqXiy6GZ3Mwx0yGI+5sMn2r0N0v3cKJvUmFH5yPP+WXh9e0xfyzyJX95D8l088DNFj7A==",
      "dev": true,
      "bin": {
        "opener": "bin/opener-bin.js"
      }
    },
    "node_modules/path-parse": {
      "version": "1.0.7",
      "resolved": "https://registry.npmjs.org/path-parse/-/path-parse-1.0.7.tgz",
      "integrity": "sha512-LDJzPVEEEPR+y48z93A0Ed0yXb8pAByGWo/k5YYdYgpY2/2EsOsksJrq7lOHxryrVOn1ejG6oAp8ahvOIQD8sw==",
      "dev": true
    },
    "node_modules/picomatch": {
      "version": "2.3.1",
      "resolved": "https://registry.npmjs.org/picomatch/-/picomatch-2.3.1.tgz",
      "integrity": "sha512-JU3teHTNjmE2VCGFzuY8EXzCDVwEqB2a8fsIvwaStHhAWJEeVd1o1QD80CU6+ZdEXXSLbSsuLwJjkCBWqRQUVA==",
      "dev": true,
      "engines": {
        "node": ">=8.6"
      },
      "funding": {
        "url": "https://github.com/sponsors/jonschlinkert"
      }
    },
    "node_modules/resolve": {
      "version": "1.22.0",
      "resolved": "https://registry.npmjs.org/resolve/-/resolve-1.22.0.tgz",
      "integrity": "sha512-Hhtrw0nLeSrFQ7phPp4OOcVjLPIeMnRlr5mcnVuMe7M/7eBn98A3hmFRLoFo3DLZkivSYwhRUJTyPyWAk56WLw==",
      "dev": true,
      "dependencies": {
        "is-core-module": "^2.8.1",
        "path-parse": "^1.0.7",
        "supports-preserve-symlinks-flag": "^1.0.0"
      },
      "bin": {
        "resolve": "bin/resolve"
      },
      "funding": {
        "url": "https://github.com/sponsors/ljharb"
      }
    },
    "node_modules/rollup": {
      "version": "2.70.2",
      "resolved": "https://registry.npmjs.org/rollup/-/rollup-2.70.2.tgz",
      "integrity": "sha512-EitogNZnfku65I1DD5Mxe8JYRUCy0hkK5X84IlDtUs+O6JRMpRciXTzyCUuX11b5L5pvjH+OmFXiQ3XjabcXgg==",
      "dev": true,
      "bin": {
        "rollup": "dist/bin/rollup"
      },
      "engines": {
        "node": ">=10.0.0"
      },
      "optionalDependencies": {
        "fsevents": "~2.3.2"
      }
    },
    "node_modules/rollup-plugin-serve": {
      "version": "1.1.0",
      "resolved": "https://registry.npmjs.org/rollup-plugin-serve/-/rollup-plugin-serve-1.1.0.tgz",
      "integrity": "sha512-pYkSsuA0/psKqhhictkJw1c2klya5b+LlCvipWqI9OE1aG2M97mRumZCbBlry5CMEOzYBBgSDgd1694sNbmyIw==",
      "dev": true,
      "dependencies": {
        "mime": ">=2.4.6",
        "opener": "1"
      }
    },
    "node_modules/supports-preserve-symlinks-flag": {
      "version": "1.0.0",
      "resolved": "https://registry.npmjs.org/supports-preserve-symlinks-flag/-/supports-preserve-symlinks-flag-1.0.0.tgz",
      "integrity": "sha512-ot0WnXS9fgdkgIcePe6RHNk1WA8+muPa6cSjeR3V8K27q9BB1rTE3R1p7Hv0z1ZyAc8s6Vvv8DIyWf681MAt0w==",
      "dev": true,
      "engines": {
        "node": ">= 0.4"
      },
      "funding": {
        "url": "https://github.com/sponsors/ljharb"
      }
    },
    "node_modules/sync-fetch": {
      "version": "0.3.1",
      "resolved": "https://registry.npmjs.org/sync-fetch/-/sync-fetch-0.3.1.tgz",
      "integrity": "sha512-xj5qiCDap/03kpci5a+qc5wSJjc8ZSixgG2EUmH1B8Ea2sfWclQA7eH40hiHPCtkCn6MCk4Wb+dqcXdCy2PP3g==",
      "dependencies": {
        "buffer": "^5.7.0",
        "node-fetch": "^2.6.1"
      },
      "engines": {
        "node": ">=8"
      }
    },
    "node_modules/tr46": {
      "version": "0.0.3",
      "resolved": "https://registry.npmjs.org/tr46/-/tr46-0.0.3.tgz",
      "integrity": "sha1-gYT9NH2snNwYWZLzpmIuFLnZq2o="
    },
    "node_modules/tslib": {
      "version": "2.3.1",
      "resolved": "https://registry.npmjs.org/tslib/-/tslib-2.3.1.tgz",
      "integrity": "sha512-77EbyPPpMz+FRFRuAFlWMtmgUWGe9UOG2Z25NqCwiIjRhOf5iKGuzSe5P2w1laq+FkRy4p+PCuVkJSGkzTEKVw==",
      "dev": true,
      "peer": true
    },
    "node_modules/typescript": {
      "version": "4.6.3",
      "resolved": "https://registry.npmjs.org/typescript/-/typescript-4.6.3.tgz",
      "integrity": "sha512-yNIatDa5iaofVozS/uQJEl3JRWLKKGJKh6Yaiv0GLGSuhpFJe7P3SbHZ8/yjAHRQwKRoA6YZqlfjXWmVzoVSMw==",
      "dev": true,
      "bin": {
        "tsc": "bin/tsc",
        "tsserver": "bin/tsserver"
      },
      "engines": {
        "node": ">=4.2.0"
      }
    },
    "node_modules/webidl-conversions": {
      "version": "3.0.1",
      "resolved": "https://registry.npmjs.org/webidl-conversions/-/webidl-conversions-3.0.1.tgz",
      "integrity": "sha1-JFNCdeKnvGvnvIZhHMFq4KVlSHE="
    },
    "node_modules/whatwg-fetch": {
      "version": "3.6.2",
      "resolved": "https://registry.npmjs.org/whatwg-fetch/-/whatwg-fetch-3.6.2.tgz",
      "integrity": "sha512-bJlen0FcuU/0EMLrdbJ7zOnW6ITZLrZMIarMUVmdKtsGvZna8vxKYaexICWPfZ8qwf9fzNq+UEIZrnSaApt6RA=="
    },
    "node_modules/whatwg-url": {
      "version": "5.0.0",
      "resolved": "https://registry.npmjs.org/whatwg-url/-/whatwg-url-5.0.0.tgz",
      "integrity": "sha1-lmRU6HZUYuN2RNNib2dCzotwll0=",
      "dependencies": {
        "tr46": "~0.0.3",
        "webidl-conversions": "^3.0.0"
      }
    },
    "node_modules/wikibase-sdk": {
      "version": "7.15.0",
      "resolved": "https://registry.npmjs.org/wikibase-sdk/-/wikibase-sdk-7.15.0.tgz",
      "integrity": "sha512-EZvOVz2Ezx1IsiSTlJ5XF1SLLudzWvtm7CV5DYKhO7CIX4EkB0Pc8seb8h6ZNEPRgYqnmrTx5aLsaIQW7GBe2w==",
      "engines": {
        "node": ">= 6.4"
      }
    },
    "node_modules/wikidata-sdk": {
      "version": "7.14.4",
      "resolved": "https://registry.npmjs.org/wikidata-sdk/-/wikidata-sdk-7.14.4.tgz",
      "integrity": "sha512-UAFBXWLxEWvB0Pn/c+ekc1voU8o0zR7T3kRt9xHLyfy2OiV7W1htk2iErwJdfisBPDb2a35HUgf2x1+ZAdrM8A==",
      "dependencies": {
        "wikibase-sdk": "^7.14.4"
      },
      "engines": {
        "node": ">= 6.4"
      }
    }
  },
  "dependencies": {
    "@citation-js/cli": {
      "version": "0.5.6",
      "resolved": "https://registry.npmjs.org/@citation-js/cli/-/cli-0.5.6.tgz",
      "integrity": "sha512-DDjZ8c30/68SjjRMKqQhnvlucCPu1y3oETdCEp2wD7Z3wDM8SGV6JIeXp/k5dX00Wqw6UIVlVvoW6HgcGJZC1g==",
      "requires": {
        "@citation-js/core": "^0.5.4",
        "@citation-js/plugin-bibjson": "^0.5.4",
        "@citation-js/plugin-bibtex": "^0.5.6",
        "@citation-js/plugin-csl": "^0.5.5",
        "@citation-js/plugin-doi": "^0.5.4",
        "@citation-js/plugin-ris": "^0.5.5",
        "@citation-js/plugin-wikidata": "^0.5.4",
        "commander": "^5.1.0"
      }
    },
    "@citation-js/core": {
      "version": "0.5.4",
      "resolved": "https://registry.npmjs.org/@citation-js/core/-/core-0.5.4.tgz",
      "integrity": "sha512-84as1w5v24DDTlzaRUtEBWIcj5wNw9A2ELqQs2ngrbFsc1psg1FbmwJplZQDSsiJHt+MfO23+DRmtOXyn7qXsg==",
      "requires": {
        "@citation-js/date": "^0.5.0",
        "@citation-js/name": "^0.4.2",
        "isomorphic-fetch": "^3.0.0",
        "sync-fetch": "^0.3.0"
      }
    },
    "@citation-js/date": {
      "version": "0.5.1",
      "resolved": "https://registry.npmjs.org/@citation-js/date/-/date-0.5.1.tgz",
      "integrity": "sha512-1iDKAZ4ie48PVhovsOXQ+C6o55dWJloXqtznnnKy6CltJBQLIuLLuUqa8zlIvma0ZigjVjgDUhnVaNU1MErtZw=="
    },
    "@citation-js/name": {
      "version": "0.4.2",
      "resolved": "https://registry.npmjs.org/@citation-js/name/-/name-0.4.2.tgz",
      "integrity": "sha512-brSPsjs2fOVzSnARLKu0qncn6suWjHVQtrqSUrnqyaRH95r/Ad4wPF5EsoWr+Dx8HzkCGb/ogmoAzfCsqlTwTQ=="
    },
    "@citation-js/plugin-bibjson": {
      "version": "0.5.4",
      "resolved": "https://registry.npmjs.org/@citation-js/plugin-bibjson/-/plugin-bibjson-0.5.4.tgz",
      "integrity": "sha512-5KT7c8NOU7X2/JUgL8GmtOZFJtMFyCsLgoRBwpgDZ1pGdhE4H0/2292iPQ6SDyf2KxWAKXEy3DV5oMCqX9nzzA==",
      "requires": {
        "@citation-js/date": "^0.5.0",
        "@citation-js/name": "^0.4.2"
      }
    },
    "@citation-js/plugin-bibtex": {
      "version": "0.5.6",
      "resolved": "https://registry.npmjs.org/@citation-js/plugin-bibtex/-/plugin-bibtex-0.5.6.tgz",
      "integrity": "sha512-VxKH1hgTwpiZ6A1NIq/wtovPqMspu1WQTt0x/09PulMM5qLecfv0tv/SIO1kd/azjmWVp2pOMoolKUMsRjEZSg==",
      "requires": {
        "@citation-js/date": "^0.5.0",
        "@citation-js/name": "^0.4.2",
        "moo": "^0.5.1"
      }
    },
    "@citation-js/plugin-csl": {
      "version": "0.5.5",
      "resolved": "https://registry.npmjs.org/@citation-js/plugin-csl/-/plugin-csl-0.5.5.tgz",
      "integrity": "sha512-ytid/o/wpOU9OZ1gecibcfIP3YfFHhi0zamkVEbFp9Zwlud1Imyj96Mw8xTCgibVRhoQ4N7QJ/BToXIq+ON4DQ==",
      "requires": {
        "@citation-js/date": "^0.5.0",
        "citeproc": "^2.4.6"
      }
    },
    "@citation-js/plugin-doi": {
      "version": "0.5.4",
      "resolved": "https://registry.npmjs.org/@citation-js/plugin-doi/-/plugin-doi-0.5.4.tgz",
      "integrity": "sha512-L5K58SWUYT/QFu6yOt7iB9tysSBeorX2hkE3g4rsgvayHKdmVvfmyaRoEVlxgoDRseLaReevJiYn+LOkrte9Hw==",
      "requires": {
        "@citation-js/date": "^0.5.0"
      }
    },
    "@citation-js/plugin-ris": {
      "version": "0.5.5",
      "resolved": "https://registry.npmjs.org/@citation-js/plugin-ris/-/plugin-ris-0.5.5.tgz",
      "integrity": "sha512-mP2unuquPA156VhUeLCQquMHpxcAd+jNHpRlMFv7Qz5SATM8z/VTRsBPLC6k2om6bkGok1r5fjpmUO168OGLKA==",
      "requires": {
        "@citation-js/date": "^0.5.0",
        "@citation-js/name": "^0.4.2"
      }
    },
    "@citation-js/plugin-wikidata": {
      "version": "0.5.4",
      "resolved": "https://registry.npmjs.org/@citation-js/plugin-wikidata/-/plugin-wikidata-0.5.4.tgz",
      "integrity": "sha512-3DV0j3Rk7RjRjxgyat5lFyg+Uat6jniZAJnKPV+ryWW2N5mhdksBLWqRaTCcsN/CFZ0PEnCY1eRajfIjNKuGjg==",
      "requires": {
        "@citation-js/date": "^0.5.0",
        "@citation-js/name": "^0.4.2",
        "wikidata-sdk": "7"
      }
    },
    "@rollup/plugin-typescript": {
      "version": "8.3.2",
      "resolved": "https://registry.npmjs.org/@rollup/plugin-typescript/-/plugin-typescript-8.3.2.tgz",
      "integrity": "sha512-MtgyR5LNHZr3GyN0tM7gNO9D0CS+Y+vflS4v/PHmrX17JCkHUYKvQ5jN5o3cz1YKllM3duXUqu3yOHwMPUxhDg==",
      "dev": true,
      "requires": {
        "@rollup/pluginutils": "^3.1.0",
        "resolve": "^1.17.0"
      }
    },
    "@rollup/pluginutils": {
      "version": "3.1.0",
      "resolved": "https://registry.npmjs.org/@rollup/pluginutils/-/pluginutils-3.1.0.tgz",
      "integrity": "sha512-GksZ6pr6TpIjHm8h9lSQ8pi8BE9VeubNT0OMJ3B5uZJ8pz73NPiqOtCog/x2/QzM1ENChPKxMDhiQuRHsqc+lg==",
      "dev": true,
      "requires": {
        "@types/estree": "0.0.39",
        "estree-walker": "^1.0.1",
        "picomatch": "^2.2.2"
      }
    },
    "@types/estree": {
      "version": "0.0.39",
      "resolved": "https://registry.npmjs.org/@types/estree/-/estree-0.0.39.tgz",
      "integrity": "sha512-EYNwp3bU+98cpU4lAWYYL7Zz+2gryWH1qbdDTidVd6hkiR6weksdbMadyXKXNPEkQFhXM+hVO9ZygomHXp+AIw==",
      "dev": true
    },
    "base64-js": {
      "version": "1.5.1",
      "resolved": "https://registry.npmjs.org/base64-js/-/base64-js-1.5.1.tgz",
      "integrity": "sha512-AKpaYlHn8t4SVbOHCy+b5+KKgvR4vrsD8vbvrbiQJps7fKDTkjkDry6ji0rUJjC0kzbNePLwzxq8iypo41qeWA=="
    },
    "buffer": {
      "version": "5.7.1",
      "resolved": "https://registry.npmjs.org/buffer/-/buffer-5.7.1.tgz",
      "integrity": "sha512-EHcyIPBQ4BSGlvjB16k5KgAJ27CIsHY/2JBmCRReo48y9rQ3MaUzWX3KVlBa4U7MyX02HdVj0K7C3WaB3ju7FQ==",
      "requires": {
        "base64-js": "^1.3.1",
        "ieee754": "^1.1.13"
      }
    },
    "citation-js": {
      "version": "0.5.6",
      "resolved": "https://registry.npmjs.org/citation-js/-/citation-js-0.5.6.tgz",
      "integrity": "sha512-41OUkZGhQnaWCGBwBb9+HOGEHQGDhBgdnla9Z1Rg4jfMJh5v0kz5z6Ze+8Yz9DUcs+Q/YMOqKFIU0zl+jUmXag==",
      "requires": {
        "@citation-js/cli": "0.5.6",
        "@citation-js/core": "0.5.4",
        "@citation-js/date": "0.5.1",
        "@citation-js/name": "0.4.2",
        "@citation-js/plugin-bibjson": "0.5.4",
        "@citation-js/plugin-bibtex": "0.5.6",
        "@citation-js/plugin-csl": "0.5.5",
        "@citation-js/plugin-doi": "0.5.4",
        "@citation-js/plugin-ris": "0.5.5",
        "@citation-js/plugin-wikidata": "0.5.4",
        "citeproc": "^2.4.59"
      }
    },
    "citeproc": {
      "version": "2.4.62",
      "resolved": "https://registry.npmjs.org/citeproc/-/citeproc-2.4.62.tgz",
      "integrity": "sha512-l3uFfSEwNZp/jlz/TpgyBs85kOww6VlQHbAth0cpbgOn6iulZd+QlFY43LrRelzcYt3FZHTZ3soDyd8lNmkqdw=="
    },
    "commander": {
      "version": "5.1.0",
      "resolved": "https://registry.npmjs.org/commander/-/commander-5.1.0.tgz",
      "integrity": "sha512-P0CysNDQ7rtVw4QIQtm+MRxV66vKFSvlsQvGYXZWR3qFU0jlMKHZZZgw8e+8DSah4UDKMqnknRDQz+xuQXQ/Zg=="
    },
    "estree-walker": {
      "version": "1.0.1",
      "resolved": "https://registry.npmjs.org/estree-walker/-/estree-walker-1.0.1.tgz",
      "integrity": "sha512-1fMXF3YP4pZZVozF8j/ZLfvnR8NSIljt56UhbZ5PeeDmmGHpgpdwQt7ITlGvYaQukCvuBRMLEiKiYC+oeIg4cg==",
      "dev": true
    },
    "fsevents": {
      "version": "2.3.2",
      "resolved": "https://registry.npmjs.org/fsevents/-/fsevents-2.3.2.tgz",
      "integrity": "sha512-xiqMQR4xAeHTuB9uWm+fFRcIOgKBMiOBP+eXiyT7jsgVCq1bkVygt00oASowB7EdtpOHaaPgKt812P9ab+DDKA==",
      "dev": true,
      "optional": true
    },
    "function-bind": {
      "version": "1.1.1",
      "resolved": "https://registry.npmjs.org/function-bind/-/function-bind-1.1.1.tgz",
      "integrity": "sha512-yIovAzMX49sF8Yl58fSCWJ5svSLuaibPxXQJFLmBObTuCr0Mf1KiPopGM9NiFjiYBCbfaa2Fh6breQ6ANVTI0A==",
      "dev": true
    },
    "has": {
      "version": "1.0.3",
      "resolved": "https://registry.npmjs.org/has/-/has-1.0.3.tgz",
      "integrity": "sha512-f2dvO0VU6Oej7RkWJGrehjbzMAjFp5/VKPp5tTpWIV4JHHZK1/BxbFRtf/siA2SWTe09caDmVtYYzWEIbBS4zw==",
      "dev": true,
      "requires": {
        "function-bind": "^1.1.1"
      }
    },
    "ieee754": {
      "version": "1.2.1",
      "resolved": "https://registry.npmjs.org/ieee754/-/ieee754-1.2.1.tgz",
      "integrity": "sha512-dcyqhDvX1C46lXZcVqCpK+FtMRQVdIMN6/Df5js2zouUsqG7I6sFxitIC+7KYK29KdXOLHdu9zL4sFnoVQnqaA=="
    },
    "is-core-module": {
      "version": "2.8.1",
      "resolved": "https://registry.npmjs.org/is-core-module/-/is-core-module-2.8.1.tgz",
      "integrity": "sha512-SdNCUs284hr40hFTFP6l0IfZ/RSrMXF3qgoRHd3/79unUTvrFO/JoXwkGm+5J/Oe3E/b5GsnG330uUNgRpu1PA==",
      "dev": true,
      "requires": {
        "has": "^1.0.3"
      }
    },
    "isomorphic-fetch": {
      "version": "3.0.0",
      "resolved": "https://registry.npmjs.org/isomorphic-fetch/-/isomorphic-fetch-3.0.0.tgz",
      "integrity": "sha512-qvUtwJ3j6qwsF3jLxkZ72qCgjMysPzDfeV240JHiGZsANBYd+EEuu35v7dfrJ9Up0Ak07D7GGSkGhCHTqg/5wA==",
      "requires": {
        "node-fetch": "^2.6.1",
        "whatwg-fetch": "^3.4.1"
      }
    },
    "mime": {
      "version": "3.0.0",
      "resolved": "https://registry.npmjs.org/mime/-/mime-3.0.0.tgz",
      "integrity": "sha512-jSCU7/VB1loIWBZe14aEYHU/+1UMEHoaO7qxCOVJOw9GgH72VAWppxNcjU+x9a2k3GSIBXNKxXQFqRvvZ7vr3A==",
      "dev": true
    },
    "moo": {
      "version": "0.5.1",
      "resolved": "https://registry.npmjs.org/moo/-/moo-0.5.1.tgz",
      "integrity": "sha512-I1mnb5xn4fO80BH9BLcF0yLypy2UKl+Cb01Fu0hJRkJjlCRtxZMWkTdAtDd5ZqCOxtCkhmRwyI57vWT+1iZ67w=="
    },
    "node-fetch": {
      "version": "2.6.7",
      "resolved": "https://registry.npmjs.org/node-fetch/-/node-fetch-2.6.7.tgz",
      "integrity": "sha512-ZjMPFEfVx5j+y2yF35Kzx5sF7kDzxuDj6ziH4FFbOp87zKDZNx8yExJIb05OGF4Nlt9IHFIMBkRl41VdvcNdbQ==",
      "requires": {
        "whatwg-url": "^5.0.0"
      }
    },
    "opener": {
      "version": "1.5.2",
      "resolved": "https://registry.npmjs.org/opener/-/opener-1.5.2.tgz",
      "integrity": "sha512-ur5UIdyw5Y7yEj9wLzhqXiy6GZ3Mwx0yGI+5sMn2r0N0v3cKJvUmFH5yPP+WXh9e0xfyzyJX95D8l088DNFj7A==",
      "dev": true
    },
    "path-parse": {
      "version": "1.0.7",
      "resolved": "https://registry.npmjs.org/path-parse/-/path-parse-1.0.7.tgz",
      "integrity": "sha512-LDJzPVEEEPR+y48z93A0Ed0yXb8pAByGWo/k5YYdYgpY2/2EsOsksJrq7lOHxryrVOn1ejG6oAp8ahvOIQD8sw==",
      "dev": true
    },
    "picomatch": {
      "version": "2.3.1",
      "resolved": "https://registry.npmjs.org/picomatch/-/picomatch-2.3.1.tgz",
      "integrity": "sha512-JU3teHTNjmE2VCGFzuY8EXzCDVwEqB2a8fsIvwaStHhAWJEeVd1o1QD80CU6+ZdEXXSLbSsuLwJjkCBWqRQUVA==",
      "dev": true
    },
    "resolve": {
      "version": "1.22.0",
      "resolved": "https://registry.npmjs.org/resolve/-/resolve-1.22.0.tgz",
      "integrity": "sha512-Hhtrw0nLeSrFQ7phPp4OOcVjLPIeMnRlr5mcnVuMe7M/7eBn98A3hmFRLoFo3DLZkivSYwhRUJTyPyWAk56WLw==",
      "dev": true,
      "requires": {
        "is-core-module": "^2.8.1",
        "path-parse": "^1.0.7",
        "supports-preserve-symlinks-flag": "^1.0.0"
      }
    },
    "rollup": {
      "version": "2.70.2",
      "resolved": "https://registry.npmjs.org/rollup/-/rollup-2.70.2.tgz",
      "integrity": "sha512-EitogNZnfku65I1DD5Mxe8JYRUCy0hkK5X84IlDtUs+O6JRMpRciXTzyCUuX11b5L5pvjH+OmFXiQ3XjabcXgg==",
      "dev": true,
      "requires": {
        "fsevents": "~2.3.2"
      }
    },
    "rollup-plugin-serve": {
      "version": "1.1.0",
      "resolved": "https://registry.npmjs.org/rollup-plugin-serve/-/rollup-plugin-serve-1.1.0.tgz",
      "integrity": "sha512-pYkSsuA0/psKqhhictkJw1c2klya5b+LlCvipWqI9OE1aG2M97mRumZCbBlry5CMEOzYBBgSDgd1694sNbmyIw==",
      "dev": true,
      "requires": {
        "mime": ">=2.4.6",
        "opener": "1"
      }
    },
    "supports-preserve-symlinks-flag": {
      "version": "1.0.0",
      "resolved": "https://registry.npmjs.org/supports-preserve-symlinks-flag/-/supports-preserve-symlinks-flag-1.0.0.tgz",
      "integrity": "sha512-ot0WnXS9fgdkgIcePe6RHNk1WA8+muPa6cSjeR3V8K27q9BB1rTE3R1p7Hv0z1ZyAc8s6Vvv8DIyWf681MAt0w==",
      "dev": true
    },
    "sync-fetch": {
      "version": "0.3.1",
      "resolved": "https://registry.npmjs.org/sync-fetch/-/sync-fetch-0.3.1.tgz",
      "integrity": "sha512-xj5qiCDap/03kpci5a+qc5wSJjc8ZSixgG2EUmH1B8Ea2sfWclQA7eH40hiHPCtkCn6MCk4Wb+dqcXdCy2PP3g==",
      "requires": {
        "buffer": "^5.7.0",
        "node-fetch": "^2.6.1"
      }
    },
    "tr46": {
      "version": "0.0.3",
      "resolved": "https://registry.npmjs.org/tr46/-/tr46-0.0.3.tgz",
      "integrity": "sha1-gYT9NH2snNwYWZLzpmIuFLnZq2o="
    },
    "tslib": {
      "version": "2.3.1",
      "resolved": "https://registry.npmjs.org/tslib/-/tslib-2.3.1.tgz",
      "integrity": "sha512-77EbyPPpMz+FRFRuAFlWMtmgUWGe9UOG2Z25NqCwiIjRhOf5iKGuzSe5P2w1laq+FkRy4p+PCuVkJSGkzTEKVw==",
      "dev": true,
      "peer": true
    },
    "typescript": {
      "version": "4.6.3",
      "resolved": "https://registry.npmjs.org/typescript/-/typescript-4.6.3.tgz",
      "integrity": "sha512-yNIatDa5iaofVozS/uQJEl3JRWLKKGJKh6Yaiv0GLGSuhpFJe7P3SbHZ8/yjAHRQwKRoA6YZqlfjXWmVzoVSMw==",
      "dev": true
    },
    "webidl-conversions": {
      "version": "3.0.1",
      "resolved": "https://registry.npmjs.org/webidl-conversions/-/webidl-conversions-3.0.1.tgz",
      "integrity": "sha1-JFNCdeKnvGvnvIZhHMFq4KVlSHE="
    },
    "whatwg-fetch": {
      "version": "3.6.2",
      "resolved": "https://registry.npmjs.org/whatwg-fetch/-/whatwg-fetch-3.6.2.tgz",
      "integrity": "sha512-bJlen0FcuU/0EMLrdbJ7zOnW6ITZLrZMIarMUVmdKtsGvZna8vxKYaexICWPfZ8qwf9fzNq+UEIZrnSaApt6RA=="
    },
    "whatwg-url": {
      "version": "5.0.0",
      "resolved": "https://registry.npmjs.org/whatwg-url/-/whatwg-url-5.0.0.tgz",
      "integrity": "sha1-lmRU6HZUYuN2RNNib2dCzotwll0=",
      "requires": {
        "tr46": "~0.0.3",
        "webidl-conversions": "^3.0.0"
      }
    },
    "wikibase-sdk": {
      "version": "7.15.0",
      "resolved": "https://registry.npmjs.org/wikibase-sdk/-/wikibase-sdk-7.15.0.tgz",
      "integrity": "sha512-EZvOVz2Ezx1IsiSTlJ5XF1SLLudzWvtm7CV5DYKhO7CIX4EkB0Pc8seb8h6ZNEPRgYqnmrTx5aLsaIQW7GBe2w=="
    },
    "wikidata-sdk": {
      "version": "7.14.4",
      "resolved": "https://registry.npmjs.org/wikidata-sdk/-/wikidata-sdk-7.14.4.tgz",
      "integrity": "sha512-UAFBXWLxEWvB0Pn/c+ekc1voU8o0zR7T3kRt9xHLyfy2OiV7W1htk2iErwJdfisBPDb2a35HUgf2x1+ZAdrM8A==",
      "requires": {
        "wikibase-sdk": "^7.14.4"
      }
    }
  }
}
